
Microsoft Visual Studio Solution File, Format Version 12.00
# Visual Studio Version 16
VisualStudioVersion = 16.0.31702.278
MinimumVisualStudioVersion = 10.0.40219.1
Project("{FAE04EC0-301F-11D3-BF4B-00C04F79EFBC}") = "liberis.com.automate", "liberis.com.automate\liberis.com.automate.csproj", "{55B01584-601B-4756-95CA-C60C2F032E25}"
EndProject
Global
	GlobalSection(SolutionConfigurationPlatforms) = preSolution
		Debug|Any CPU = Debug|Any CPU
		Release|Any CPU = Release|Any CPU
	EndGlobalSection
	GlobalSection(ProjectConfigurationPlatforms) = postSolution
		{55B01584-601B-4756-95CA-C60C2F032E25}.Debug|Any CPU.ActiveCfg = Debug|Any CPU
		{55B01584-601B-4756-95CA-C60C2F032E25}.Debug|Any CPU.Build.0 = Debug|Any CPU
		{55B01584-601B-4756-95CA-C60C2F032E25}.Release|Any CPU.ActiveCfg = Release|Any CPU
		{55B01584-601B-4756-95CA-C60C2F032E25}.Release|Any CPU.Build.0 = Release|Any CPU
	EndGlobalSection
	GlobalSection(SolutionProperties) = preSolution
		HideSolutionNode = FALSE
	EndGlobalSection
	GlobalSection(ExtensibilityGlobals) = postSolution
		SolutionGuid = {B2B6DDD3-5FDC-47CA-A838-36BA7D4074F1}
	EndGlobalSection
EndGlobal
